
Microsoft Visual Studio Solution File, Format Version 12.00
# Visual Studio Version 17
VisualStudioVersion = 17.11.35312.102
MinimumVisualStudioVersion = 10.0.40219.1
Project("{FAE04EC0-301F-11D3-BF4B-00C04F79EFBC}") = "BasicDataTypes", "BasicDataTypes\BasicDataTypes.csproj", "{141D9E30-A9D1-49C3-810A-5F64D82D8935}"
EndProject
Global
	GlobalSection(SolutionConfigurationPlatforms) = preSolution
		Debug|Any CPU = Debug|Any CPU
		Release|Any CPU = Release|Any CPU
	EndGlobalSection
	GlobalSection(ProjectConfigurationPlatforms) = postSolution
		{141D9E30-A9D1-49C3-810A-5F64D82D8935}.Debug|Any CPU.ActiveCfg = Debug|Any CPU
		{141D9E30-A9D1-49C3-810A-5F64D82D8935}.Debug|Any CPU.Build.0 = Debug|Any CPU
		{141D9E30-A9D1-49C3-810A-5F64D82D8935}.Release|Any CPU.ActiveCfg = Release|Any CPU
		{141D9E30-A9D1-49C3-810A-5F64D82D8935}.Release|Any CPU.Build.0 = Release|Any CPU
	EndGlobalSection
	GlobalSection(SolutionProperties) = preSolution
		HideSolutionNode = FALSE
	EndGlobalSection
	GlobalSection(ExtensibilityGlobals) = postSolution
		SolutionGuid = {18B2294F-037A-4333-91D4-E454AB17F4B2}
	EndGlobalSection
EndGlobal
